# This file is automatically @generated by Poetry 1.7.1 and should not be changed by hand.

[[package]]
name = "antlr4-python3-runtime"
version = "4.8"
description = "ANTLR 4.8 runtime for Python 3.7"
optional = false
python-versions = "*"
files = [
    {file = "antlr4-python3-runtime-4.8.tar.gz", hash = "sha256:15793f5d0512a372b4e7d2284058ad32ce7dd27126b105fb0b2245130445db33"},
]

[metadata]
lock-version = "2.0"
python-versions = "^3.12"
content-hash = "bbab0c62eabf5663f60b1849906c4976dabfc51def4c633ad65793d9a4793ce9"
